{
    "_readme": [
        "This file locks the dependencies of your project to a known state",
        "Read more about it at https://getcomposer.org/doc/01-basic-usage.md#composer-lock-the-lock-file",
        "This file is @generated automatically"
    ],
    "hash": "b8968be6cf31e89d43aef3b5a5a525b8",
    "packages": [
        {
            "name": "electrolinux/phpquery",
            "version": "0.9.6",
            "source": {
                "type": "git",
                "url": "https://github.com/electrolinux/phpquery.git",
                "reference": "6cb8afcfe8cd4ce45f2f8c27d561383037c27a3a"
            },
            "dist": {
                "type": "zip",
                "url": "https://api.github.com/repos/electrolinux/phpquery/zipball/6cb8afcfe8cd4ce45f2f8c27d561383037c27a3a",
                "reference": "6cb8afcfe8cd4ce45f2f8c27d561383037c27a3a",
                "shasum": ""
            },
            "type": "library",
            "autoload": {
                "classmap": [
                    "phpQuery/"
                ]
            },
            "notification-url": "https://packagist.org/downloads/",
            "license": [
                "MIT"
            ],
            "authors": [
                {
                    "name": "Tobiasz Cudnik",
                    "email": "tobiasz.cudnik@gmail.com",
                    "homepage": "https://github.com/TobiaszCudnik",
                    "role": "Developer"
                },
                {
                    "name": "didier Belot",
                    "role": "Packager"
                }
            ],
            "description": "phpQuery is a server-side, chainable, CSS3 selector driven Document Object Model (DOM) API based on jQuery JavaScript Library",
            "homepage": "http://code.google.com/p/phpquery/",
            "time": "2013-03-21 12:39:33"
        },
        {
            "name": "hightman/xunsearch",
            "version": "1.4.9",
            "source": {
                "type": "git",
                "url": "https://github.com/hightman/xs-sdk-php.git",
                "reference": "02b1dd8a8a693d8ec70a9a5230eee20769129d88"
            },
            "dist": {
                "type": "zip",
                "url": "https://api.github.com/repos/hightman/xs-sdk-php/zipball/02b1dd8a8a693d8ec70a9a5230eee20769129d88",
                "reference": "02b1dd8a8a693d8ec70a9a5230eee20769129d88",
                "shasum": ""
            },
            "require": {
                "ext-mbstring": "*",
                "lib-pcre": "*",
                "php": ">=5.3.0"
            },
            "bin": [
                "util/xs"
            ],
            "type": "library",
            "extra": {
                "branch-alias": {
                    "dev-master": "1.4.x-dev"
                }
            },
            "autoload": {
                "classmap": [
                    "lib/",
                    "wrapper/yii-ext/"
                ],
                "psr-4": {
                    "hightman\\xunsearch\\": "wrapper/yii2-ext/"
                }
            },
            "notification-url": "https://packagist.org/downloads/",
            "license": [
                "GPL-2.0+"
            ],
            "authors": [
                {
                    "name": "hightman",
                    "email": "hightman@twomice.net",
                    "role": "Founder and project leader"
                }
            ],
            "description": "xunsearch php sdk, include yii, yii2 supports",
            "homepage": "http://www.xunsearch.com/",
            "keywords": [
                "search engine",
                "xunsearch",
                "yii",
                "yii2"
            ],
            "time": "2015-04-02 13:31:53"
        },
        {
            "name": "mgargano/simplehtmldom",
            "version": "1.5",
            "source": {
                "type": "git",
                "url": "https://github.com/matgargano/simplehtmldom.git",
                "reference": "37fb0d7c1bda45c5a4cf14fdef56c1edf6aa42be"
            },
            "dist": {
                "type": "zip",
                "url": "https://api.github.com/repos/matgargano/simplehtmldom/zipball/37fb0d7c1bda45c5a4cf14fdef56c1edf6aa42be",
                "reference": "37fb0d7c1bda45c5a4cf14fdef56c1edf6aa42be",
                "shasum": ""
            },
            "require": {
                "php": ">=5.3.0"
            },
            "type": "library",
            "autoload": {
                "psr-0": {
                    "SimpleHtmlDom": "src/"
                },
                "files": [
                    "src/simple_html_dom.php"
                ]
            },
            "notification-url": "https://packagist.org/downloads/",
            "license": [
                "The MIT License"
            ],
            "authors": [
                {
                    "name": "S.C. Chen",
                    "email": "me578022@gmail.com"
                }
            ],
            "description": "Composer package that gives you access to and (unlike all the others at this time) autoloads S.C. Chen's PHP Simple HTML DOM Parser Library",
            "homepage": "http://simplehtmldom.sourceforge.net/",
            "keywords": [
                "Simple",
                "dom",
                "html"
            ],
            "time": "2014-01-05 18:17:34"
        },
        {
            "name": "scws/pscws4",
            "version": "v1.0.0",
            "source": {
                "type": "git",
                "url": "https://github.com/mylukin/pscws4.git",
                "reference": "975ee1b9df6db2192423d45b8e9856053c596eda"
            },
            "dist": {
                "type": "zip",
                "url": "https://api.github.com/repos/mylukin/pscws4/zipball/975ee1b9df6db2192423d45b8e9856053c596eda",
                "reference": "975ee1b9df6db2192423d45b8e9856053c596eda",
                "shasum": ""
            },
            "type": "library",
            "autoload": {
                "psr-4": {
                    "SCWS\\": [
                        "src/"
                    ]
                }
            },
            "notification-url": "https://packagist.org/downloads/",
            "license": [
                "BSD"
            ],
            "description": "PSCWS 是英文 PHP Simple Chinese Words Segmentation 的头字母缩写，它是 SCWS 项目的前身。",
            "time": "2014-10-30 09:11:58"
        }
    ],
    "packages-dev": [],
    "aliases": [],
    "minimum-stability": "stable",
    "stability-flags": [],
    "prefer-stable": false,
    "prefer-lowest": false,
    "platform": [],
    "platform-dev": []
}
